// !$*UTF8*$!
{
	archiveVersion = 1;
	classes = {
	};
	objectVersion = 56;
	objects = {

/* Begin PBXBuildFile section */
		D98013662BC99F040016D939 /* AppDelegate.swift in Sources */ = {isa = PBXBuildFile; fileRef = D98013652BC99F040016D939 /* AppDelegate.swift */; };
		D98013682BC99F040016D939 /* SceneDelegate.swift in Sources */ = {isa = PBXBuildFile; fileRef = D98013672BC99F040016D939 /* SceneDelegate.swift */; };
		D980136A2BC99F040016D939 /* ViewController.swift in Sources */ = {isa = PBXBuildFile; fileRef = D98013692BC99F040016D939 /* ViewController.swift */; };
		D980136F2BC99F040016D939 /* Assets.xcassets in Resources */ = {isa = PBXBuildFile; fileRef = D980136E2BC99F040016D939 /* Assets.xcassets */; };
		D98013722BC99F040016D939 /* LaunchScreen.storyboard in Resources */ = {isa = PBXBuildFile; fileRef = D98013702BC99F040016D939 /* LaunchScreen.storyboard */; };
		D980137D2BC99F050016D939 /* PriceControlTests.swift in Sources */ = {isa = PBXBuildFile; fileRef = D980137C2BC99F050016D939 /* PriceControlTests.swift */; };
		D98013872BC99F050016D939 /* PriceControlUITests.swift in Sources */ = {isa = PBXBuildFile; fileRef = D98013862BC99F050016D939 /* PriceControlUITests.swift */; };
		D98013892BC99F050016D939 /* PriceControlUITestsLaunchTests.swift in Sources */ = {isa = PBXBuildFile; fileRef = D98013882BC99F050016D939 /* PriceControlUITestsLaunchTests.swift */; };
		D98013992BC9A23E0016D939 /* AuthController.swift in Sources */ = {isa = PBXBuildFile; fileRef = D98013982BC9A23E0016D939 /* AuthController.swift */; };
		D980139B2BC9A2550016D939 /* UserData.swift in Sources */ = {isa = PBXBuildFile; fileRef = D980139A2BC9A2550016D939 /* UserData.swift */; };
		D98013A12BC9A4910016D939 /* ClaimsController.swift in Sources */ = {isa = PBXBuildFile; fileRef = D98013A02BC9A4910016D939 /* ClaimsController.swift */; };
		D98013A32BC9A4A00016D939 /* RequestData.swift in Sources */ = {isa = PBXBuildFile; fileRef = D98013A22BC9A4A00016D939 /* RequestData.swift */; };
		D98013A72BC9A53E0016D939 /* APIRequestProtocol.swift in Sources */ = {isa = PBXBuildFile; fileRef = D98013A62BC9A53E0016D939 /* APIRequestProtocol.swift */; };
		D98013AB2BC9A5EC0016D939 /* ShopInfo.swift in Sources */ = {isa = PBXBuildFile; fileRef = D98013AA2BC9A5EC0016D939 /* ShopInfo.swift */; };
		D98013AD2BC9A5FA0016D939 /* ClaimInfo.swift in Sources */ = {isa = PBXBuildFile; fileRef = D98013AC2BC9A5FA0016D939 /* ClaimInfo.swift */; };
		D98013AF2BC9A9010016D939 /* ToCorrectClaimController.swift in Sources */ = {isa = PBXBuildFile; fileRef = D98013AE2BC9A9010016D939 /* ToCorrectClaimController.swift */; };
		D98013B72BC9BB9D0016D939 /* AuthService.swift in Sources */ = {isa = PBXBuildFile; fileRef = D98013B62BC9BB9D0016D939 /* AuthService.swift */; };
		D98013B92BC9C1230016D939 /* SignUpRequest.swift in Sources */ = {isa = PBXBuildFile; fileRef = D98013B82BC9C1230016D939 /* SignUpRequest.swift */; };
		D98013BB2BC9C1330016D939 /* SignInRequest.swift in Sources */ = {isa = PBXBuildFile; fileRef = D98013BA2BC9C1330016D939 /* SignInRequest.swift */; };
		D98013BD2BC9C2940016D939 /* AnyCodingKey.swift in Sources */ = {isa = PBXBuildFile; fileRef = D98013BC2BC9C2940016D939 /* AnyCodingKey.swift */; };
		D98013BF2BC9C39C0016D939 /* AuthResponse.swift in Sources */ = {isa = PBXBuildFile; fileRef = D98013BE2BC9C39C0016D939 /* AuthResponse.swift */; };
		D98013C12BC9C3F60016D939 /* AuthResponseModel.swift in Sources */ = {isa = PBXBuildFile; fileRef = D98013C02BC9C3F60016D939 /* AuthResponseModel.swift */; };
		D98013C32BC9C6160016D939 /* ConfirmationCodeRequest.swift in Sources */ = {isa = PBXBuildFile; fileRef = D98013C22BC9C6160016D939 /* ConfirmationCodeRequest.swift */; };
		D98013C52BC9C6840016D939 /* AuthConfirmationResponse.swift in Sources */ = {isa = PBXBuildFile; fileRef = D98013C42BC9C6840016D939 /* AuthConfirmationResponse.swift */; };
		D98013C72BC9C6BF0016D939 /* AuthConfirmationModel.swift in Sources */ = {isa = PBXBuildFile; fileRef = D98013C62BC9C6BF0016D939 /* AuthConfirmationModel.swift */; };
		D98013C92BC9C76E0016D939 /* AuthError.swift in Sources */ = {isa = PBXBuildFile; fileRef = D98013C82BC9C76E0016D939 /* AuthError.swift */; };
		D98013CB2BC9E7940016D939 /* ConfirmController.swift in Sources */ = {isa = PBXBuildFile; fileRef = D98013CA2BC9E7940016D939 /* ConfirmController.swift */; };
/* End PBXBuildFile section */

/* Begin PBXContainerItemProxy section */
		D98013792BC99F050016D939 /* PBXContainerItemProxy */ = {
			isa = PBXContainerItemProxy;
			containerPortal = D980135A2BC99F040016D939 /* Project object */;
			proxyType = 1;
			remoteGlobalIDString = D98013612BC99F040016D939;
			remoteInfo = PriceControl;
		};
		D98013832BC99F050016D939 /* PBXContainerItemProxy */ = {
			isa = PBXContainerItemProxy;
			containerPortal = D980135A2BC99F040016D939 /* Project object */;
			proxyType = 1;
			remoteGlobalIDString = D98013612BC99F040016D939;
			remoteInfo = PriceControl;
		};
/* End PBXContainerItemProxy section */

/* Begin PBXFileReference section */
		D98013622BC99F040016D939 /* PriceControl.app */ = {isa = PBXFileReference; explicitFileType = wrapper.application; includeInIndex = 0; path = PriceControl.app; sourceTree = BUILT_PRODUCTS_DIR; };
		D98013652BC99F040016D939 /* AppDelegate.swift */ = {isa = PBXFileReference; lastKnownFileType = sourcecode.swift; path = AppDelegate.swift; sourceTree = "<group>"; };
		D98013672BC99F040016D939 /* SceneDelegate.swift */ = {isa = PBXFileReference; lastKnownFileType = sourcecode.swift; path = SceneDelegate.swift; sourceTree = "<group>"; };
		D98013692BC99F040016D939 /* ViewController.swift */ = {isa = PBXFileReference; lastKnownFileType = sourcecode.swift; path = ViewController.swift; sourceTree = "<group>"; };
		D980136E2BC99F040016D939 /* Assets.xcassets */ = {isa = PBXFileReference; lastKnownFileType = folder.assetcatalog; path = Assets.xcassets; sourceTree = "<group>"; };
		D98013712BC99F040016D939 /* Base */ = {isa = PBXFileReference; lastKnownFileType = file.storyboard; name = Base; path = Base.lproj/LaunchScreen.storyboard; sourceTree = "<group>"; };
		D98013732BC99F040016D939 /* Info.plist */ = {isa = PBXFileReference; lastKnownFileType = text.plist.xml; path = Info.plist; sourceTree = "<group>"; };
		D98013782BC99F050016D939 /* PriceControlTests.xctest */ = {isa = PBXFileReference; explicitFileType = wrapper.cfbundle; includeInIndex = 0; path = PriceControlTests.xctest; sourceTree = BUILT_PRODUCTS_DIR; };
		D980137C2BC99F050016D939 /* PriceControlTests.swift */ = {isa = PBXFileReference; lastKnownFileType = sourcecode.swift; path = PriceControlTests.swift; sourceTree = "<group>"; };
		D98013822BC99F050016D939 /* PriceControlUITests.xctest */ = {isa = PBXFileReference; explicitFileType = wrapper.cfbundle; includeInIndex = 0; path = PriceControlUITests.xctest; sourceTree = BUILT_PRODUCTS_DIR; };
		D98013862BC99F050016D939 /* PriceControlUITests.swift */ = {isa = PBXFileReference; lastKnownFileType = sourcecode.swift; path = PriceControlUITests.swift; sourceTree = "<group>"; };
		D98013882BC99F050016D939 /* PriceControlUITestsLaunchTests.swift */ = {isa = PBXFileReference; lastKnownFileType = sourcecode.swift; path = PriceControlUITestsLaunchTests.swift; sourceTree = "<group>"; };
		D98013982BC9A23E0016D939 /* AuthController.swift */ = {isa = PBXFileReference; lastKnownFileType = sourcecode.swift; path = AuthController.swift; sourceTree = "<group>"; };
		D980139A2BC9A2550016D939 /* UserData.swift */ = {isa = PBXFileReference; lastKnownFileType = sourcecode.swift; path = UserData.swift; sourceTree = "<group>"; };
		D98013A02BC9A4910016D939 /* ClaimsController.swift */ = {isa = PBXFileReference; lastKnownFileType = sourcecode.swift; path = ClaimsController.swift; sourceTree = "<group>"; };
		D98013A22BC9A4A00016D939 /* RequestData.swift */ = {isa = PBXFileReference; lastKnownFileType = sourcecode.swift; path = RequestData.swift; sourceTree = "<group>"; };
		D98013A62BC9A53E0016D939 /* APIRequestProtocol.swift */ = {isa = PBXFileReference; lastKnownFileType = sourcecode.swift; path = APIRequestProtocol.swift; sourceTree = "<group>"; };
		D98013AA2BC9A5EC0016D939 /* ShopInfo.swift */ = {isa = PBXFileReference; lastKnownFileType = sourcecode.swift; path = ShopInfo.swift; sourceTree = "<group>"; };
		D98013AC2BC9A5FA0016D939 /* ClaimInfo.swift */ = {isa = PBXFileReference; lastKnownFileType = sourcecode.swift; path = ClaimInfo.swift; sourceTree = "<group>"; };
		D98013AE2BC9A9010016D939 /* ToCorrectClaimController.swift */ = {isa = PBXFileReference; lastKnownFileType = sourcecode.swift; path = ToCorrectClaimController.swift; sourceTree = "<group>"; };
		D98013B62BC9BB9D0016D939 /* AuthService.swift */ = {isa = PBXFileReference; lastKnownFileType = sourcecode.swift; path = AuthService.swift; sourceTree = "<group>"; };
		D98013B82BC9C1230016D939 /* SignUpRequest.swift */ = {isa = PBXFileReference; lastKnownFileType = sourcecode.swift; path = SignUpRequest.swift; sourceTree = "<group>"; };
		D98013BA2BC9C1330016D939 /* SignInRequest.swift */ = {isa = PBXFileReference; lastKnownFileType = sourcecode.swift; path = SignInRequest.swift; sourceTree = "<group>"; };
		D98013BC2BC9C2940016D939 /* AnyCodingKey.swift */ = {isa = PBXFileReference; lastKnownFileType = sourcecode.swift; path = AnyCodingKey.swift; sourceTree = "<group>"; };
		D98013BE2BC9C39C0016D939 /* AuthResponse.swift */ = {isa = PBXFileReference; lastKnownFileType = sourcecode.swift; path = AuthResponse.swift; sourceTree = "<group>"; };
		D98013C02BC9C3F60016D939 /* AuthResponseModel.swift */ = {isa = PBXFileReference; lastKnownFileType = sourcecode.swift; path = AuthResponseModel.swift; sourceTree = "<group>"; };
		D98013C22BC9C6160016D939 /* ConfirmationCodeRequest.swift */ = {isa = PBXFileReference; lastKnownFileType = sourcecode.swift; path = ConfirmationCodeRequest.swift; sourceTree = "<group>"; };
		D98013C42BC9C6840016D939 /* AuthConfirmationResponse.swift */ = {isa = PBXFileReference; lastKnownFileType = sourcecode.swift; path = AuthConfirmationResponse.swift; sourceTree = "<group>"; };
		D98013C62BC9C6BF0016D939 /* AuthConfirmationModel.swift */ = {isa = PBXFileReference; lastKnownFileType = sourcecode.swift; path = AuthConfirmationModel.swift; sourceTree = "<group>"; };
		D98013C82BC9C76E0016D939 /* AuthError.swift */ = {isa = PBXFileReference; lastKnownFileType = sourcecode.swift; path = AuthError.swift; sourceTree = "<group>"; };
		D98013CA2BC9E7940016D939 /* ConfirmController.swift */ = {isa = PBXFileReference; lastKnownFileType = sourcecode.swift; path = ConfirmController.swift; sourceTree = "<group>"; };
/* End PBXFileReference section */

/* Begin PBXFrameworksBuildPhase section */
		D980135F2BC99F040016D939 /* Frameworks */ = {
			isa = PBXFrameworksBuildPhase;
			buildActionMask = 2147483647;
			files = (
			);
			runOnlyForDeploymentPostprocessing = 0;
		};
		D98013752BC99F050016D939 /* Frameworks */ = {
			isa = PBXFrameworksBuildPhase;
			buildActionMask = 2147483647;
			files = (
			);
			runOnlyForDeploymentPostprocessing = 0;
		};
		D980137F2BC99F050016D939 /* Frameworks */ = {
			isa = PBXFrameworksBuildPhase;
			buildActionMask = 2147483647;
			files = (
			);
			runOnlyForDeploymentPostprocessing = 0;
		};
/* End PBXFrameworksBuildPhase section */

/* Begin PBXGroup section */
		D98013592BC99F040016D939 = {
			isa = PBXGroup;
			children = (
				D98013642BC99F040016D939 /* PriceControl */,
				D980137B2BC99F050016D939 /* PriceControlTests */,
				D98013852BC99F050016D939 /* PriceControlUITests */,
				D98013632BC99F040016D939 /* Products */,
			);
			sourceTree = "<group>";
		};
		D98013632BC99F040016D939 /* Products */ = {
			isa = PBXGroup;
			children = (
				D98013622BC99F040016D939 /* PriceControl.app */,
				D98013782BC99F050016D939 /* PriceControlTests.xctest */,
				D98013822BC99F050016D939 /* PriceControlUITests.xctest */,
			);
			name = Products;
			sourceTree = "<group>";
		};
		D98013642BC99F040016D939 /* PriceControl */ = {
			isa = PBXGroup;
			children = (
				D98013B32BC9BAE30016D939 /* Auth */,
				D98013652BC99F040016D939 /* AppDelegate.swift */,
				D98013672BC99F040016D939 /* SceneDelegate.swift */,
				D98013A52BC9A51A0016D939 /* Protocols */,
				D98013A42BC9A4DA0016D939 /* API */,
				D98013972BC9A1F20016D939 /* Models */,
				D98013952BC9A1D50016D939 /* Controllers */,
				D980136E2BC99F040016D939 /* Assets.xcassets */,
				D98013702BC99F040016D939 /* LaunchScreen.storyboard */,
				D98013732BC99F040016D939 /* Info.plist */,
			);
			path = PriceControl;
			sourceTree = "<group>";
		};
		D980137B2BC99F050016D939 /* PriceControlTests */ = {
			isa = PBXGroup;
			children = (
				D980137C2BC99F050016D939 /* PriceControlTests.swift */,
			);
			path = PriceControlTests;
			sourceTree = "<group>";
		};
		D98013852BC99F050016D939 /* PriceControlUITests */ = {
			isa = PBXGroup;
			children = (
				D98013862BC99F050016D939 /* PriceControlUITests.swift */,
				D98013882BC99F050016D939 /* PriceControlUITestsLaunchTests.swift */,
			);
			path = PriceControlUITests;
			sourceTree = "<group>";
		};
		D98013952BC9A1D50016D939 /* Controllers */ = {
			isa = PBXGroup;
			children = (
				D98013692BC99F040016D939 /* ViewController.swift */,
				D98013982BC9A23E0016D939 /* AuthController.swift */,
				D98013A02BC9A4910016D939 /* ClaimsController.swift */,
				D98013AE2BC9A9010016D939 /* ToCorrectClaimController.swift */,
				D98013CA2BC9E7940016D939 /* ConfirmController.swift */,
			);
			path = Controllers;
			sourceTree = "<group>";
		};
		D98013972BC9A1F20016D939 /* Models */ = {
			isa = PBXGroup;
			children = (
				D980139A2BC9A2550016D939 /* UserData.swift */,
				D98013A22BC9A4A00016D939 /* RequestData.swift */,
				D98013AA2BC9A5EC0016D939 /* ShopInfo.swift */,
				D98013AC2BC9A5FA0016D939 /* ClaimInfo.swift */,
				D98013C02BC9C3F60016D939 /* AuthResponseModel.swift */,
				D98013C62BC9C6BF0016D939 /* AuthConfirmationModel.swift */,
			);
			path = Models;
			sourceTree = "<group>";
		};
		D98013A42BC9A4DA0016D939 /* API */ = {
			isa = PBXGroup;
			children = (
				D98013A92BC9A5610016D939 /* Responses */,
				D98013A82BC9A5590016D939 /* Requests */,
				D98013BC2BC9C2940016D939 /* AnyCodingKey.swift */,
				D98013C82BC9C76E0016D939 /* AuthError.swift */,
			);
			path = API;
			sourceTree = "<group>";
		};
		D98013A52BC9A51A0016D939 /* Protocols */ = {
			isa = PBXGroup;
			children = (
				D98013A62BC9A53E0016D939 /* APIRequestProtocol.swift */,
			);
			path = Protocols;
			sourceTree = "<group>";
		};
		D98013A82BC9A5590016D939 /* Requests */ = {
			isa = PBXGroup;
			children = (
				D98013B82BC9C1230016D939 /* SignUpRequest.swift */,
				D98013BA2BC9C1330016D939 /* SignInRequest.swift */,
				D98013C22BC9C6160016D939 /* ConfirmationCodeRequest.swift */,
			);
			path = Requests;
			sourceTree = "<group>";
		};
		D98013A92BC9A5610016D939 /* Responses */ = {
			isa = PBXGroup;
			children = (
				D98013BE2BC9C39C0016D939 /* AuthResponse.swift */,
				D98013C42BC9C6840016D939 /* AuthConfirmationResponse.swift */,
			);
			path = Responses;
			sourceTree = "<group>";
		};
		D98013B32BC9BAE30016D939 /* Auth */ = {
			isa = PBXGroup;
			children = (
				D98013B62BC9BB9D0016D939 /* AuthService.swift */,
			);
			path = Auth;
			sourceTree = "<group>";
		};
/* End PBXGroup section */

/* Begin PBXNativeTarget section */
		D98013612BC99F040016D939 /* PriceControl */ = {
			isa = PBXNativeTarget;
			buildConfigurationList = D980138C2BC99F050016D939 /* Build configuration list for PBXNativeTarget "PriceControl" */;
			buildPhases = (
				D980135E2BC99F040016D939 /* Sources */,
				D980135F2BC99F040016D939 /* Frameworks */,
				D98013602BC99F040016D939 /* Resources */,
			);
			buildRules = (
			);
			dependencies = (
			);
			name = PriceControl;
			productName = PriceControl;
			productReference = D98013622BC99F040016D939 /* PriceControl.app */;
			productType = "com.apple.product-type.application";
		};
		D98013772BC99F050016D939 /* PriceControlTests */ = {
			isa = PBXNativeTarget;
			buildConfigurationList = D980138F2BC99F050016D939 /* Build configuration list for PBXNativeTarget "PriceControlTests" */;
			buildPhases = (
				D98013742BC99F050016D939 /* Sources */,
				D98013752BC99F050016D939 /* Frameworks */,
				D98013762BC99F050016D939 /* Resources */,
			);
			buildRules = (
			);
			dependencies = (
				D980137A2BC99F050016D939 /* PBXTargetDependency */,
			);
			name = PriceControlTests;
			productName = PriceControlTests;
			productReference = D98013782BC99F050016D939 /* PriceControlTests.xctest */;
			productType = "com.apple.product-type.bundle.unit-test";
		};
		D98013812BC99F050016D939 /* PriceControlUITests */ = {
			isa = PBXNativeTarget;
			buildConfigurationList = D98013922BC99F050016D939 /* Build configuration list for PBXNativeTarget "PriceControlUITests" */;
			buildPhases = (
				D980137E2BC99F050016D939 /* Sources */,
				D980137F2BC99F050016D939 /* Frameworks */,
				D98013802BC99F050016D939 /* Resources */,
			);
			buildRules = (
			);
			dependencies = (
				D98013842BC99F050016D939 /* PBXTargetDependency */,
			);
			name = PriceControlUITests;
			productName = PriceControlUITests;
			productReference = D98013822BC99F050016D939 /* PriceControlUITests.xctest */;
			productType = "com.apple.product-type.bundle.ui-testing";
		};
/* End PBXNativeTarget section */

/* Begin PBXProject section */
		D980135A2BC99F040016D939 /* Project object */ = {
			isa = PBXProject;
			attributes = {
				BuildIndependentTargetsInParallel = 1;
				LastSwiftUpdateCheck = 1500;
				LastUpgradeCheck = 1500;
				TargetAttributes = {
					D98013612BC99F040016D939 = {
						CreatedOnToolsVersion = 15.0.1;
					};
					D98013772BC99F050016D939 = {
						CreatedOnToolsVersion = 15.0.1;
						TestTargetID = D98013612BC99F040016D939;
					};
					D98013812BC99F050016D939 = {
						CreatedOnToolsVersion = 15.0.1;
						TestTargetID = D98013612BC99F040016D939;
					};
				};
			};
			buildConfigurationList = D980135D2BC99F040016D939 /* Build configuration list for PBXProject "PriceControl" */;
			compatibilityVersion = "Xcode 14.0";
			developmentRegion = en;
			hasScannedForEncodings = 0;
			knownRegions = (
				en,
				Base,
			);
			mainGroup = D98013592BC99F040016D939;
			productRefGroup = D98013632BC99F040016D939 /* Products */;
			projectDirPath = "";
			projectRoot = "";
			targets = (
				D98013612BC99F040016D939 /* PriceControl */,
				D98013772BC99F050016D939 /* PriceControlTests */,
				D98013812BC99F050016D939 /* PriceControlUITests */,
			);
		};
/* End PBXProject section */

/* Begin PBXResourcesBuildPhase section */
		D98013602BC99F040016D939 /* Resources */ = {
			isa = PBXResourcesBuildPhase;
			buildActionMask = 2147483647;
			files = (
				D98013722BC99F040016D939 /* LaunchScreen.storyboard in Resources */,
				D980136F2BC99F040016D939 /* Assets.xcassets in Resources */,
			);
			runOnlyForDeploymentPostprocessing = 0;
		};
		D98013762BC99F050016D939 /* Resources */ = {
			isa = PBXResourcesBuildPhase;
			buildActionMask = 2147483647;
			files = (
			);
			runOnlyForDeploymentPostprocessing = 0;
		};
		D98013802BC99F050016D939 /* Resources */ = {
			isa = PBXResourcesBuildPhase;
			buildActionMask = 2147483647;
			files = (
			);
			runOnlyForDeploymentPostprocessing = 0;
		};
/* End PBXResourcesBuildPhase section */

/* Begin PBXSourcesBuildPhase section */
		D980135E2BC99F040016D939 /* Sources */ = {
			isa = PBXSourcesBuildPhase;
			buildActionMask = 2147483647;
			files = (
				D980136A2BC99F040016D939 /* ViewController.swift in Sources */,
				D98013C92BC9C76E0016D939 /* AuthError.swift in Sources */,
				D98013AB2BC9A5EC0016D939 /* ShopInfo.swift in Sources */,
				D98013AD2BC9A5FA0016D939 /* ClaimInfo.swift in Sources */,
				D98013C52BC9C6840016D939 /* AuthConfirmationResponse.swift in Sources */,
				D98013B72BC9BB9D0016D939 /* AuthService.swift in Sources */,
				D98013C12BC9C3F60016D939 /* AuthResponseModel.swift in Sources */,
				D98013AF2BC9A9010016D939 /* ToCorrectClaimController.swift in Sources */,
				D98013BD2BC9C2940016D939 /* AnyCodingKey.swift in Sources */,
				D98013CB2BC9E7940016D939 /* ConfirmController.swift in Sources */,
				D98013BF2BC9C39C0016D939 /* AuthResponse.swift in Sources */,
				D98013992BC9A23E0016D939 /* AuthController.swift in Sources */,
				D98013662BC99F040016D939 /* AppDelegate.swift in Sources */,
				D98013B92BC9C1230016D939 /* SignUpRequest.swift in Sources */,
				D980139B2BC9A2550016D939 /* UserData.swift in Sources */,
				D98013A72BC9A53E0016D939 /* APIRequestProtocol.swift in Sources */,
				D98013C72BC9C6BF0016D939 /* AuthConfirmationModel.swift in Sources */,
				D98013A32BC9A4A00016D939 /* RequestData.swift in Sources */,
				D98013A12BC9A4910016D939 /* ClaimsController.swift in Sources */,
				D98013C32BC9C6160016D939 /* ConfirmationCodeRequest.swift in Sources */,
				D98013682BC99F040016D939 /* SceneDelegate.swift in Sources */,
				D98013BB2BC9C1330016D939 /* SignInRequest.swift in Sources */,
			);
			runOnlyForDeploymentPostprocessing = 0;
		};
		D98013742BC99F050016D939 /* Sources */ = {
			isa = PBXSourcesBuildPhase;
			buildActionMask = 2147483647;
			files = (
				D980137D2BC99F050016D939 /* PriceControlTests.swift in Sources */,
			);
			runOnlyForDeploymentPostprocessing = 0;
		};
		D980137E2BC99F050016D939 /* Sources */ = {
			isa = PBXSourcesBuildPhase;
			buildActionMask = 2147483647;
			files = (
				D98013892BC99F050016D939 /* PriceControlUITestsLaunchTests.swift in Sources */,
				D98013872BC99F050016D939 /* PriceControlUITests.swift in Sources */,
			);
			runOnlyForDeploymentPostprocessing = 0;
		};
/* End PBXSourcesBuildPhase section */

/* Begin PBXTargetDependency section */
		D980137A2BC99F050016D939 /* PBXTargetDependency */ = {
			isa = PBXTargetDependency;
			target = D98013612BC99F040016D939 /* PriceControl */;
			targetProxy = D98013792BC99F050016D939 /* PBXContainerItemProxy */;
		};
		D98013842BC99F050016D939 /* PBXTargetDependency */ = {
			isa = PBXTargetDependency;
			target = D98013612BC99F040016D939 /* PriceControl */;
			targetProxy = D98013832BC99F050016D939 /* PBXContainerItemProxy */;
		};
/* End PBXTargetDependency section */

/* Begin PBXVariantGroup section */
		D98013702BC99F040016D939 /* LaunchScreen.storyboard */ = {
			isa = PBXVariantGroup;
			children = (
				D98013712BC99F040016D939 /* Base */,
			);
			name = LaunchScreen.storyboard;
			sourceTree = "<group>";
		};
/* End PBXVariantGroup section */

/* Begin XCBuildConfiguration section */
		D980138A2BC99F050016D939 /* Debug */ = {
			isa = XCBuildConfiguration;
			buildSettings = {
				ALWAYS_SEARCH_USER_PATHS = NO;
				ASSETCATALOG_COMPILER_GENERATE_SWIFT_ASSET_SYMBOL_EXTENSIONS = YES;
				CLANG_ANALYZER_NONNULL = YES;
				CLANG_ANALYZER_NUMBER_OBJECT_CONVERSION = YES_AGGRESSIVE;
				CLANG_CXX_LANGUAGE_STANDARD = "gnu++20";
				CLANG_ENABLE_MODULES = YES;
				CLANG_ENABLE_OBJC_ARC = YES;
				CLANG_ENABLE_OBJC_WEAK = YES;
				CLANG_WARN_BLOCK_CAPTURE_AUTORELEASING = YES;
				CLANG_WARN_BOOL_CONVERSION = YES;
				CLANG_WARN_COMMA = YES;
				CLANG_WARN_CONSTANT_CONVERSION = YES;
				CLANG_WARN_DEPRECATED_OBJC_IMPLEMENTATIONS = YES;
				CLANG_WARN_DIRECT_OBJC_ISA_USAGE = YES_ERROR;
				CLANG_WARN_DOCUMENTATION_COMMENTS = YES;
				CLANG_WARN_EMPTY_BODY = YES;
				CLANG_WARN_ENUM_CONVERSION = YES;
				CLANG_WARN_INFINITE_RECURSION = YES;
				CLANG_WARN_INT_CONVERSION = YES;
				CLANG_WARN_NON_LITERAL_NULL_CONVERSION = YES;
				CLANG_WARN_OBJC_IMPLICIT_RETAIN_SELF = YES;
				CLANG_WARN_OBJC_LITERAL_CONVERSION = YES;
				CLANG_WARN_OBJC_ROOT_CLASS = YES_ERROR;
				CLANG_WARN_QUOTED_INCLUDE_IN_FRAMEWORK_HEADER = YES;
				CLANG_WARN_RANGE_LOOP_ANALYSIS = YES;
				CLANG_WARN_STRICT_PROTOTYPES = YES;
				CLANG_WARN_SUSPICIOUS_MOVE = YES;
				CLANG_WARN_UNGUARDED_AVAILABILITY = YES_AGGRESSIVE;
				CLANG_WARN_UNREACHABLE_CODE = YES;
				CLANG_WARN__DUPLICATE_METHOD_MATCH = YES;
				COPY_PHASE_STRIP = NO;
				DEBUG_INFORMATION_FORMAT = dwarf;
				ENABLE_STRICT_OBJC_MSGSEND = YES;
				ENABLE_TESTABILITY = YES;
				ENABLE_USER_SCRIPT_SANDBOXING = YES;
				GCC_C_LANGUAGE_STANDARD = gnu17;
				GCC_DYNAMIC_NO_PIC = NO;
				GCC_NO_COMMON_BLOCKS = YES;
				GCC_OPTIMIZATION_LEVEL = 0;
				GCC_PREPROCESSOR_DEFINITIONS = (
					"DEBUG=1",
					"$(inherited)",
				);
				GCC_WARN_64_TO_32_BIT_CONVERSION = YES;
				GCC_WARN_ABOUT_RETURN_TYPE = YES_ERROR;
				GCC_WARN_UNDECLARED_SELECTOR = YES;
				GCC_WARN_UNINITIALIZED_AUTOS = YES_AGGRESSIVE;
				GCC_WARN_UNUSED_FUNCTION = YES;
				GCC_WARN_UNUSED_VARIABLE = YES;
				IPHONEOS_DEPLOYMENT_TARGET = 17.0;
				LOCALIZATION_PREFERS_STRING_CATALOGS = YES;
				MTL_ENABLE_DEBUG_INFO = INCLUDE_SOURCE;
				MTL_FAST_MATH = YES;
				ONLY_ACTIVE_ARCH = YES;
				SDKROOT = iphoneos;
				SWIFT_ACTIVE_COMPILATION_CONDITIONS = "DEBUG $(inherited)";
				SWIFT_OPTIMIZATION_LEVEL = "-Onone";
			};
			name = Debug;
		};
		D980138B2BC99F050016D939 /* Release */ = {
			isa = XCBuildConfiguration;
			buildSettings = {
				ALWAYS_SEARCH_USER_PATHS = NO;
				ASSETCATALOG_COMPILER_GENERATE_SWIFT_ASSET_SYMBOL_EXTENSIONS = YES;
				CLANG_ANALYZER_NONNULL = YES;
				CLANG_ANALYZER_NUMBER_OBJECT_CONVERSION = YES_AGGRESSIVE;
				CLANG_CXX_LANGUAGE_STANDARD = "gnu++20";
				CLANG_ENABLE_MODULES = YES;
				CLANG_ENABLE_OBJC_ARC = YES;
				CLANG_ENABLE_OBJC_WEAK = YES;
				CLANG_WARN_BLOCK_CAPTURE_AUTORELEASING = YES;
				CLANG_WARN_BOOL_CONVERSION = YES;
				CLANG_WARN_COMMA = YES;
				CLANG_WARN_CONSTANT_CONVERSION = YES;
				CLANG_WARN_DEPRECATED_OBJC_IMPLEMENTATIONS = YES;
				CLANG_WARN_DIRECT_OBJC_ISA_USAGE = YES_ERROR;
				CLANG_WARN_DOCUMENTATION_COMMENTS = YES;
				CLANG_WARN_EMPTY_BODY = YES;
				CLANG_WARN_ENUM_CONVERSION = YES;
				CLANG_WARN_INFINITE_RECURSION = YES;
				CLANG_WARN_INT_CONVERSION = YES;
				CLANG_WARN_NON_LITERAL_NULL_CONVERSION = YES;
				CLANG_WARN_OBJC_IMPLICIT_RETAIN_SELF = YES;
				CLANG_WARN_OBJC_LITERAL_CONVERSION = YES;
				CLANG_WARN_OBJC_ROOT_CLASS = YES_ERROR;
				CLANG_WARN_QUOTED_INCLUDE_IN_FRAMEWORK_HEADER = YES;
				CLANG_WARN_RANGE_LOOP_ANALYSIS = YES;
				CLANG_WARN_STRICT_PROTOTYPES = YES;
				CLANG_WARN_SUSPICIOUS_MOVE = YES;
				CLANG_WARN_UNGUARDED_AVAILABILITY = YES_AGGRESSIVE;
				CLANG_WARN_UNREACHABLE_CODE = YES;
				CLANG_WARN__DUPLICATE_METHOD_MATCH = YES;
				COPY_PHASE_STRIP = NO;
				DEBUG_INFORMATION_FORMAT = "dwarf-with-dsym";
				ENABLE_NS_ASSERTIONS = NO;
				ENABLE_STRICT_OBJC_MSGSEND = YES;
				ENABLE_USER_SCRIPT_SANDBOXING = YES;
				GCC_C_LANGUAGE_STANDARD = gnu17;
				GCC_NO_COMMON_BLOCKS = YES;
				GCC_WARN_64_TO_32_BIT_CONVERSION = YES;
				GCC_WARN_ABOUT_RETURN_TYPE = YES_ERROR;
				GCC_WARN_UNDECLARED_SELECTOR = YES;
				GCC_WARN_UNINITIALIZED_AUTOS = YES_AGGRESSIVE;
				GCC_WARN_UNUSED_FUNCTION = YES;
				GCC_WARN_UNUSED_VARIABLE = YES;
				IPHONEOS_DEPLOYMENT_TARGET = 17.0;
				LOCALIZATION_PREFERS_STRING_CATALOGS = YES;
				MTL_ENABLE_DEBUG_INFO = NO;
				MTL_FAST_MATH = YES;
				SDKROOT = iphoneos;
				SWIFT_COMPILATION_MODE = wholemodule;
				VALIDATE_PRODUCT = YES;
			};
			name = Release;
		};
		D980138D2BC99F050016D939 /* Debug */ = {
			isa = XCBuildConfiguration;
			buildSettings = {
				ASSETCATALOG_COMPILER_APPICON_NAME = AppIcon;
				ASSETCATALOG_COMPILER_GLOBAL_ACCENT_COLOR_NAME = AccentColor;
				CODE_SIGN_STYLE = Automatic;
				CURRENT_PROJECT_VERSION = 1;
				DEVELOPMENT_TEAM = 82MKLV5JTP;
				GENERATE_INFOPLIST_FILE = YES;
				INFOPLIST_FILE = PriceControl/Info.plist;
				INFOPLIST_KEY_UIApplicationSupportsIndirectInputEvents = YES;
				INFOPLIST_KEY_UILaunchStoryboardName = LaunchScreen;
				INFOPLIST_KEY_UISupportedInterfaceOrientations_iPad = "UIInterfaceOrientationPortrait UIInterfaceOrientationPortraitUpsideDown UIInterfaceOrientationLandscapeLeft UIInterfaceOrientationLandscapeRight";
				INFOPLIST_KEY_UISupportedInterfaceOrientations_iPhone = "UIInterfaceOrientationPortrait UIInterfaceOrientationLandscapeLeft UIInterfaceOrientationLandscapeRight";
				LD_RUNPATH_SEARCH_PATHS = (
					"$(inherited)",
					"@executable_path/Frameworks",
				);
				MARKETING_VERSION = 1.0;
				PRODUCT_BUNDLE_IDENTIFIER = com.skydj.PriceControl;
				PRODUCT_NAME = "$(TARGET_NAME)";
				SWIFT_EMIT_LOC_STRINGS = YES;
				SWIFT_VERSION = 5.0;
				TARGETED_DEVICE_FAMILY = "1,2";
			};
			name = Debug;
		};
		D980138E2BC99F050016D939 /* Release */ = {
			isa = XCBuildConfiguration;
			buildSettings = {
				ASSETCATALOG_COMPILER_APPICON_NAME = AppIcon;
				ASSETCATALOG_COMPILER_GLOBAL_ACCENT_COLOR_NAME = AccentColor;
				CODE_SIGN_STYLE = Automatic;
				CURRENT_PROJECT_VERSION = 1;
				DEVELOPMENT_TEAM = 82MKLV5JTP;
				GENERATE_INFOPLIST_FILE = YES;
				INFOPLIST_FILE = PriceControl/Info.plist;
				INFOPLIST_KEY_UIApplicationSupportsIndirectInputEvents = YES;
				INFOPLIST_KEY_UILaunchStoryboardName = LaunchScreen;
				INFOPLIST_KEY_UISupportedInterfaceOrientations_iPad = "UIInterfaceOrientationPortrait UIInterfaceOrientationPortraitUpsideDown UIInterfaceOrientationLandscapeLeft UIInterfaceOrientationLandscapeRight";
				INFOPLIST_KEY_UISupportedInterfaceOrientations_iPhone = "UIInterfaceOrientationPortrait UIInterfaceOrientationLandscapeLeft UIInterfaceOrientationLandscapeRight";
				LD_RUNPATH_SEARCH_PATHS = (
					"$(inherited)",
					"@executable_path/Frameworks",
				);
				MARKETING_VERSION = 1.0;
				PRODUCT_BUNDLE_IDENTIFIER = com.skydj.PriceControl;
				PRODUCT_NAME = "$(TARGET_NAME)";
				SWIFT_EMIT_LOC_STRINGS = YES;
				SWIFT_VERSION = 5.0;
				TARGETED_DEVICE_FAMILY = "1,2";
			};
			name = Release;
		};
		D98013902BC99F050016D939 /* Debug */ = {
			isa = XCBuildConfiguration;
			buildSettings = {
				ALWAYS_EMBED_SWIFT_STANDARD_LIBRARIES = YES;
				BUNDLE_LOADER = "$(TEST_HOST)";
				CODE_SIGN_STYLE = Automatic;
				CURRENT_PROJECT_VERSION = 1;
				DEVELOPMENT_TEAM = 82MKLV5JTP;
				GENERATE_INFOPLIST_FILE = YES;
				IPHONEOS_DEPLOYMENT_TARGET = 17.0;
				MARKETING_VERSION = 1.0;
				PRODUCT_BUNDLE_IDENTIFIER = com.skydj.PriceControlTests;
				PRODUCT_NAME = "$(TARGET_NAME)";
				SWIFT_EMIT_LOC_STRINGS = NO;
				SWIFT_VERSION = 5.0;
				TARGETED_DEVICE_FAMILY = "1,2";
				TEST_HOST = "$(BUILT_PRODUCTS_DIR)/PriceControl.app/$(BUNDLE_EXECUTABLE_FOLDER_PATH)/PriceControl";
			};
			name = Debug;
		};
		D98013912BC99F050016D939 /* Release */ = {
			isa = XCBuildConfiguration;
			buildSettings = {
				ALWAYS_EMBED_SWIFT_STANDARD_LIBRARIES = YES;
				BUNDLE_LOADER = "$(TEST_HOST)";
				CODE_SIGN_STYLE = Automatic;
				CURRENT_PROJECT_VERSION = 1;
				DEVELOPMENT_TEAM = 82MKLV5JTP;
				GENERATE_INFOPLIST_FILE = YES;
				IPHONEOS_DEPLOYMENT_TARGET = 17.0;
				MARKETING_VERSION = 1.0;
				PRODUCT_BUNDLE_IDENTIFIER = com.skydj.PriceControlTests;
				PRODUCT_NAME = "$(TARGET_NAME)";
				SWIFT_EMIT_LOC_STRINGS = NO;
				SWIFT_VERSION = 5.0;
				TARGETED_DEVICE_FAMILY = "1,2";
				TEST_HOST = "$(BUILT_PRODUCTS_DIR)/PriceControl.app/$(BUNDLE_EXECUTABLE_FOLDER_PATH)/PriceControl";
			};
			name = Release;
		};
		D98013932BC99F050016D939 /* Debug */ = {
			isa = XCBuildConfiguration;
			buildSettings = {
				ALWAYS_EMBED_SWIFT_STANDARD_LIBRARIES = YES;
				CODE_SIGN_STYLE = Automatic;
				CURRENT_PROJECT_VERSION = 1;
				DEVELOPMENT_TEAM = 82MKLV5JTP;
				GENERATE_INFOPLIST_FILE = YES;
				MARKETING_VERSION = 1.0;
				PRODUCT_BUNDLE_IDENTIFIER = com.skydj.PriceControlUITests;
				PRODUCT_NAME = "$(TARGET_NAME)";
				SWIFT_EMIT_LOC_STRINGS = NO;
				SWIFT_VERSION = 5.0;
				TARGETED_DEVICE_FAMILY = "1,2";
				TEST_TARGET_NAME = PriceControl;
			};
			name = Debug;
		};
		D98013942BC99F050016D939 /* Release */ = {
			isa = XCBuildConfiguration;
			buildSettings = {
				ALWAYS_EMBED_SWIFT_STANDARD_LIBRARIES = YES;
				CODE_SIGN_STYLE = Automatic;
				CURRENT_PROJECT_VERSION = 1;
				DEVELOPMENT_TEAM = 82MKLV5JTP;
				GENERATE_INFOPLIST_FILE = YES;
				MARKETING_VERSION = 1.0;
				PRODUCT_BUNDLE_IDENTIFIER = com.skydj.PriceControlUITests;
				PRODUCT_NAME = "$(TARGET_NAME)";
				SWIFT_EMIT_LOC_STRINGS = NO;
				SWIFT_VERSION = 5.0;
				TARGETED_DEVICE_FAMILY = "1,2";
				TEST_TARGET_NAME = PriceControl;
			};
			name = Release;
		};
/* End XCBuildConfiguration section */

/* Begin XCConfigurationList section */
		D980135D2BC99F040016D939 /* Build configuration list for PBXProject "PriceControl" */ = {
			isa = XCConfigurationList;
			buildConfigurations = (
				D980138A2BC99F050016D939 /* Debug */,
				D980138B2BC99F050016D939 /* Release */,
			);
			defaultConfigurationIsVisible = 0;
			defaultConfigurationName = Release;
		};
		D980138C2BC99F050016D939 /* Build configuration list for PBXNativeTarget "PriceControl" */ = {
			isa = XCConfigurationList;
			buildConfigurations = (
				D980138D2BC99F050016D939 /* Debug */,
				D980138E2BC99F050016D939 /* Release */,
			);
			defaultConfigurationIsVisible = 0;
			defaultConfigurationName = Release;
		};
		D980138F2BC99F050016D939 /* Build configuration list for PBXNativeTarget "PriceControlTests" */ = {
			isa = XCConfigurationList;
			buildConfigurations = (
				D98013902BC99F050016D939 /* Debug */,
				D98013912BC99F050016D939 /* Release */,
			);
			defaultConfigurationIsVisible = 0;
			defaultConfigurationName = Release;
		};
		D98013922BC99F050016D939 /* Build configuration list for PBXNativeTarget "PriceControlUITests" */ = {
			isa = XCConfigurationList;
			buildConfigurations = (
				D98013932BC99F050016D939 /* Debug */,
				D98013942BC99F050016D939 /* Release */,
			);
			defaultConfigurationIsVisible = 0;
			defaultConfigurationName = Release;
		};
/* End XCConfigurationList section */
	};
	rootObject = D980135A2BC99F040016D939 /* Project object */;
}
